
Microsoft Visual Studio Solution File, Format Version 12.00
# Visual Studio 2012
Project("{FAE04EC0-301F-11D3-BF4B-00C04F79EFBC}") = "faraday", "faraday.csproj", "{E8F6ADD1-F0F0-4EDE-AB7D-DB5932536FBD}"
EndProject
Global
	GlobalSection(SolutionConfigurationPlatforms) = preSolution
		Debug|Any CPU = Debug|Any CPU
		Debug|ARM = Debug|ARM
		Debug|x86 = Debug|x86
		Release|Any CPU = Release|Any CPU
		Release|ARM = Release|ARM
		Release|x86 = Release|x86
	EndGlobalSection
	GlobalSection(ProjectConfigurationPlatforms) = postSolution
		{E8F6ADD1-F0F0-4EDE-AB7D-DB5932536FBD}.Debug|Any CPU.ActiveCfg = Debug|Any CPU
		{E8F6ADD1-F0F0-4EDE-AB7D-DB5932536FBD}.Debug|Any CPU.Build.0 = Debug|Any CPU
		{E8F6ADD1-F0F0-4EDE-AB7D-DB5932536FBD}.Debug|Any CPU.Deploy.0 = Debug|Any CPU
		{E8F6ADD1-F0F0-4EDE-AB7D-DB5932536FBD}.Debug|ARM.ActiveCfg = Debug|ARM
		{E8F6ADD1-F0F0-4EDE-AB7D-DB5932536FBD}.Debug|ARM.Build.0 = Debug|ARM
		{E8F6ADD1-F0F0-4EDE-AB7D-DB5932536FBD}.Debug|ARM.Deploy.0 = Debug|ARM
		{E8F6ADD1-F0F0-4EDE-AB7D-DB5932536FBD}.Debug|x86.ActiveCfg = Debug|x86
		{E8F6ADD1-F0F0-4EDE-AB7D-DB5932536FBD}.Debug|x86.Build.0 = Debug|x86
		{E8F6ADD1-F0F0-4EDE-AB7D-DB5932536FBD}.Debug|x86.Deploy.0 = Debug|x86
		{E8F6ADD1-F0F0-4EDE-AB7D-DB5932536FBD}.Release|Any CPU.ActiveCfg = Release|Any CPU
		{E8F6ADD1-F0F0-4EDE-AB7D-DB5932536FBD}.Release|Any CPU.Build.0 = Release|Any CPU
		{E8F6ADD1-F0F0-4EDE-AB7D-DB5932536FBD}.Release|Any CPU.Deploy.0 = Release|Any CPU
		{E8F6ADD1-F0F0-4EDE-AB7D-DB5932536FBD}.Release|ARM.ActiveCfg = Release|ARM
		{E8F6ADD1-F0F0-4EDE-AB7D-DB5932536FBD}.Release|ARM.Build.0 = Release|ARM
		{E8F6ADD1-F0F0-4EDE-AB7D-DB5932536FBD}.Release|ARM.Deploy.0 = Release|ARM
		{E8F6ADD1-F0F0-4EDE-AB7D-DB5932536FBD}.Release|x86.ActiveCfg = Release|x86
		{E8F6ADD1-F0F0-4EDE-AB7D-DB5932536FBD}.Release|x86.Build.0 = Release|x86
		{E8F6ADD1-F0F0-4EDE-AB7D-DB5932536FBD}.Release|x86.Deploy.0 = Release|x86
	EndGlobalSection
	GlobalSection(SolutionProperties) = preSolution
		HideSolutionNode = FALSE
	EndGlobalSection
EndGlobal
